// !$*UTF8*$!
{
	archiveVersion = 1;
	classes = {
	};
	objectVersion = 50;
	objects = {

/* Begin PBXBuildFile section */
		059D780C259C823D005CF386 /* AppDelegate.swift in Sources */ = {isa = PBXBuildFile; fileRef = 059D780B259C823D005CF386 /* AppDelegate.swift */; };
		059D780E259C823D005CF386 /* SceneDelegate.swift in Sources */ = {isa = PBXBuildFile; fileRef = 059D780D259C823D005CF386 /* SceneDelegate.swift */; };
		059D7810259C823D005CF386 /* ViewController.swift in Sources */ = {isa = PBXBuildFile; fileRef = 059D780F259C823D005CF386 /* ViewController.swift */; };
		059D7813259C823D005CF386 /* Main.storyboard in Resources */ = {isa = PBXBuildFile; fileRef = 059D7811259C823D005CF386 /* Main.storyboard */; };
		059D7815259C8241005CF386 /* Assets.xcassets in Resources */ = {isa = PBXBuildFile; fileRef = 059D7814259C8241005CF386 /* Assets.xcassets */; };
		059D7818259C8241005CF386 /* LaunchScreen.storyboard in Resources */ = {isa = PBXBuildFile; fileRef = 059D7816259C8241005CF386 /* LaunchScreen.storyboard */; };
		059D7821259C84A3005CF386 /* GoogleService-Info.plist in Resources */ = {isa = PBXBuildFile; fileRef = 059D7820259C84A3005CF386 /* GoogleService-Info.plist */; };
		B73D57DD6A41FE7F5C718AA2 /* Pods_enyungTalk.framework in Frameworks */ = {isa = PBXBuildFile; fileRef = 092A29529150CE7EBB1B878D /* Pods_enyungTalk.framework */; };
/* End PBXBuildFile section */

/* Begin PBXFileReference section */
		059D7808259C823D005CF386 /* enyungTalk.app */ = {isa = PBXFileReference; explicitFileType = wrapper.application; includeInIndex = 0; path = enyungTalk.app; sourceTree = BUILT_PRODUCTS_DIR; };
		059D780B259C823D005CF386 /* AppDelegate.swift */ = {isa = PBXFileReference; lastKnownFileType = sourcecode.swift; path = AppDelegate.swift; sourceTree = "<group>"; };
		059D780D259C823D005CF386 /* SceneDelegate.swift */ = {isa = PBXFileReference; lastKnownFileType = sourcecode.swift; path = SceneDelegate.swift; sourceTree = "<group>"; };
		059D780F259C823D005CF386 /* ViewController.swift */ = {isa = PBXFileReference; lastKnownFileType = sourcecode.swift; path = ViewController.swift; sourceTree = "<group>"; };
		059D7812259C823D005CF386 /* Base */ = {isa = PBXFileReference; lastKnownFileType = file.storyboard; name = Base; path = Base.lproj/Main.storyboard; sourceTree = "<group>"; };
		059D7814259C8241005CF386 /* Assets.xcassets */ = {isa = PBXFileReference; lastKnownFileType = folder.assetcatalog; path = Assets.xcassets; sourceTree = "<group>"; };
		059D7817259C8241005CF386 /* Base */ = {isa = PBXFileReference; lastKnownFileType = file.storyboard; name = Base; path = Base.lproj/LaunchScreen.storyboard; sourceTree = "<group>"; };
		059D7819259C8241005CF386 /* Info.plist */ = {isa = PBXFileReference; lastKnownFileType = text.plist.xml; path = Info.plist; sourceTree = "<group>"; };
		059D7820259C84A3005CF386 /* GoogleService-Info.plist */ = {isa = PBXFileReference; fileEncoding = 4; lastKnownFileType = text.plist.xml; path = "GoogleService-Info.plist"; sourceTree = "<group>"; };
		092A29529150CE7EBB1B878D /* Pods_enyungTalk.framework */ = {isa = PBXFileReference; explicitFileType = wrapper.framework; includeInIndex = 0; path = Pods_enyungTalk.framework; sourceTree = BUILT_PRODUCTS_DIR; };
		A06A9E9C0B2048829DFC6420 /* Pods-enyungTalk.debug.xcconfig */ = {isa = PBXFileReference; includeInIndex = 1; lastKnownFileType = text.xcconfig; name = "Pods-enyungTalk.debug.xcconfig"; path = "Target Support Files/Pods-enyungTalk/Pods-enyungTalk.debug.xcconfig"; sourceTree = "<group>"; };
		A9E07922DDF28244EC0CC84F /* Pods-enyungTalk.release.xcconfig */ = {isa = PBXFileReference; includeInIndex = 1; lastKnownFileType = text.xcconfig; name = "Pods-enyungTalk.release.xcconfig"; path = "Target Support Files/Pods-enyungTalk/Pods-enyungTalk.release.xcconfig"; sourceTree = "<group>"; };
/* End PBXFileReference section */

/* Begin PBXFrameworksBuildPhase section */
		059D7805259C823D005CF386 /* Frameworks */ = {
			isa = PBXFrameworksBuildPhase;
			buildActionMask = 2147483647;
			files = (
				B73D57DD6A41FE7F5C718AA2 /* Pods_enyungTalk.framework in Frameworks */,
			);
			runOnlyForDeploymentPostprocessing = 0;
		};
/* End PBXFrameworksBuildPhase section */

/* Begin PBXGroup section */
		0338CAC52DD47B533A89A7BD /* Frameworks */ = {
			isa = PBXGroup;
			children = (
				092A29529150CE7EBB1B878D /* Pods_enyungTalk.framework */,
			);
			name = Frameworks;
			sourceTree = "<group>";
		};
		059D77FF259C823D005CF386 = {
			isa = PBXGroup;
			children = (
				059D780A259C823D005CF386 /* enyungTalk */,
				059D7809259C823D005CF386 /* Products */,
				436A04B58AD177795E6A4402 /* Pods */,
				0338CAC52DD47B533A89A7BD /* Frameworks */,
			);
			sourceTree = "<group>";
		};
		059D7809259C823D005CF386 /* Products */ = {
			isa = PBXGroup;
			children = (
				059D7808259C823D005CF386 /* enyungTalk.app */,
			);
			name = Products;
			sourceTree = "<group>";
		};
		059D780A259C823D005CF386 /* enyungTalk */ = {
			isa = PBXGroup;
			children = (
				059D7820259C84A3005CF386 /* GoogleService-Info.plist */,
				059D780B259C823D005CF386 /* AppDelegate.swift */,
				059D780D259C823D005CF386 /* SceneDelegate.swift */,
				059D780F259C823D005CF386 /* ViewController.swift */,
				059D7811259C823D005CF386 /* Main.storyboard */,
				059D7814259C8241005CF386 /* Assets.xcassets */,
				059D7816259C8241005CF386 /* LaunchScreen.storyboard */,
				059D7819259C8241005CF386 /* Info.plist */,
			);
			path = enyungTalk;
			sourceTree = "<group>";
		};
		436A04B58AD177795E6A4402 /* Pods */ = {
			isa = PBXGroup;
			children = (
				A06A9E9C0B2048829DFC6420 /* Pods-enyungTalk.debug.xcconfig */,
				A9E07922DDF28244EC0CC84F /* Pods-enyungTalk.release.xcconfig */,
			);
			name = Pods;
			path = Pods;
			sourceTree = "<group>";
		};
/* End PBXGroup section */

/* Begin PBXNativeTarget section */
		059D7807259C823D005CF386 /* enyungTalk */ = {
			isa = PBXNativeTarget;
			buildConfigurationList = 059D781C259C8241005CF386 /* Build configuration list for PBXNativeTarget "enyungTalk" */;
			buildPhases = (
				A1A8C2108BD11DD3B5350209 /* [CP] Check Pods Manifest.lock */,
				059D7804259C823D005CF386 /* Sources */,
				059D7805259C823D005CF386 /* Frameworks */,
				059D7806259C823D005CF386 /* Resources */,
				5D168552CEDCB564104FCBF6 /* [CP] Embed Pods Frameworks */,
			);
			buildRules = (
			);
			dependencies = (
			);
			name = enyungTalk;
			productName = enyungTalk;
			productReference = 059D7808259C823D005CF386 /* enyungTalk.app */;
			productType = "com.apple.product-type.application";
		};
/* End PBXNativeTarget section */

/* Begin PBXProject section */
		059D7800259C823D005CF386 /* Project object */ = {
			isa = PBXProject;
			attributes = {
				LastSwiftUpdateCheck = 1230;
				LastUpgradeCheck = 1230;
				TargetAttributes = {
					059D7807259C823D005CF386 = {
						CreatedOnToolsVersion = 12.3;
					};
				};
			};
			buildConfigurationList = 059D7803259C823D005CF386 /* Build configuration list for PBXProject "enyungTalk" */;
			compatibilityVersion = "Xcode 9.3";
			developmentRegion = en;
			hasScannedForEncodings = 0;
			knownRegions = (
				en,
				Base,
			);
			mainGroup = 059D77FF259C823D005CF386;
			productRefGroup = 059D7809259C823D005CF386 /* Products */;
			projectDirPath = "";
			projectRoot = "";
			targets = (
				059D7807259C823D005CF386 /* enyungTalk */,
			);
		};
/* End PBXProject section */

/* Begin PBXResourcesBuildPhase section */
		059D7806259C823D005CF386 /* Resources */ = {
			isa = PBXResourcesBuildPhase;
			buildActionMask = 2147483647;
			files = (
				059D7818259C8241005CF386 /* LaunchScreen.storyboard in Resources */,
				059D7821259C84A3005CF386 /* GoogleService-Info.plist in Resources */,
				059D7815259C8241005CF386 /* Assets.xcassets in Resources */,
				059D7813259C823D005CF386 /* Main.storyboard in Resources */,
			);
			runOnlyForDeploymentPostprocessing = 0;
		};
/* End PBXResourcesBuildPhase section */

/* Begin PBXShellScriptBuildPhase section */
		5D168552CEDCB564104FCBF6 /* [CP] Embed Pods Frameworks */ = {
			isa = PBXShellScriptBuildPhase;
			buildActionMask = 2147483647;
			files = (
			);
			inputFileListPaths = (
				"${PODS_ROOT}/Target Support Files/Pods-enyungTalk/Pods-enyungTalk-frameworks-${CONFIGURATION}-input-files.xcfilelist",
			);
			name = "[CP] Embed Pods Frameworks";
			outputFileListPaths = (
				"${PODS_ROOT}/Target Support Files/Pods-enyungTalk/Pods-enyungTalk-frameworks-${CONFIGURATION}-output-files.xcfilelist",
			);
			runOnlyForDeploymentPostprocessing = 0;
			shellPath = /bin/sh;
			shellScript = "\"${PODS_ROOT}/Target Support Files/Pods-enyungTalk/Pods-enyungTalk-frameworks.sh\"\n";
			showEnvVarsInLog = 0;
		};
		A1A8C2108BD11DD3B5350209 /* [CP] Check Pods Manifest.lock */ = {
			isa = PBXShellScriptBuildPhase;
			buildActionMask = 2147483647;
			files = (
			);
			inputFileListPaths = (
			);
			inputPaths = (
				"${PODS_PODFILE_DIR_PATH}/Podfile.lock",
				"${PODS_ROOT}/Manifest.lock",
			);
			name = "[CP] Check Pods Manifest.lock";
			outputFileListPaths = (
			);
			outputPaths = (
				"$(DERIVED_FILE_DIR)/Pods-enyungTalk-checkManifestLockResult.txt",
			);
			runOnlyForDeploymentPostprocessing = 0;
			shellPath = /bin/sh;
			shellScript = "diff \"${PODS_PODFILE_DIR_PATH}/Podfile.lock\" \"${PODS_ROOT}/Manifest.lock\" > /dev/null\nif [ $? != 0 ] ; then\n    # print error to STDERR\n    echo \"error: The sandbox is not in sync with the Podfile.lock. Run 'pod install' or update your CocoaPods installation.\" >&2\n    exit 1\nfi\n# This output is used by Xcode 'outputs' to avoid re-running this script phase.\necho \"SUCCESS\" > \"${SCRIPT_OUTPUT_FILE_0}\"\n";
			showEnvVarsInLog = 0;
		};
/* End PBXShellScriptBuildPhase section */

/* Begin PBXSourcesBuildPhase section */
		059D7804259C823D005CF386 /* Sources */ = {
			isa = PBXSourcesBuildPhase;
			buildActionMask = 2147483647;
			files = (
				059D7810259C823D005CF386 /* ViewController.swift in Sources */,
				059D780C259C823D005CF386 /* AppDelegate.swift in Sources */,
				059D780E259C823D005CF386 /* SceneDelegate.swift in Sources */,
			);
			runOnlyForDeploymentPostprocessing = 0;
		};
/* End PBXSourcesBuildPhase section */

/* Begin PBXVariantGroup section */
		059D7811259C823D005CF386 /* Main.storyboard */ = {
			isa = PBXVariantGroup;
			children = (
				059D7812259C823D005CF386 /* Base */,
			);
			name = Main.storyboard;
			sourceTree = "<group>";
		};
		059D7816259C8241005CF386 /* LaunchScreen.storyboard */ = {
			isa = PBXVariantGroup;
			children = (
				059D7817259C8241005CF386 /* Base */,
			);
			name = LaunchScreen.storyboard;
			sourceTree = "<group>";
		};
/* End PBXVariantGroup section */

/* Begin XCBuildConfiguration section */
		059D781A259C8241005CF386 /* Debug */ = {
			isa = XCBuildConfiguration;
			buildSettings = {
				ALWAYS_SEARCH_USER_PATHS = NO;
				CLANG_ANALYZER_NONNULL = YES;
				CLANG_ANALYZER_NUMBER_OBJECT_CONVERSION = YES_AGGRESSIVE;
				CLANG_CXX_LANGUAGE_STANDARD = "gnu++14";
				CLANG_CXX_LIBRARY = "libc++";
				CLANG_ENABLE_MODULES = YES;
				CLANG_ENABLE_OBJC_ARC = YES;
				CLANG_ENABLE_OBJC_WEAK = YES;
				CLANG_WARN_BLOCK_CAPTURE_AUTORELEASING = YES;
				CLANG_WARN_BOOL_CONVERSION = YES;
				CLANG_WARN_COMMA = YES;
				CLANG_WARN_CONSTANT_CONVERSION = YES;
				CLANG_WARN_DEPRECATED_OBJC_IMPLEMENTATIONS = YES;
				CLANG_WARN_DIRECT_OBJC_ISA_USAGE = YES_ERROR;
				CLANG_WARN_DOCUMENTATION_COMMENTS = YES;
				CLANG_WARN_EMPTY_BODY = YES;
				CLANG_WARN_ENUM_CONVERSION = YES;
				CLANG_WARN_INFINITE_RECURSION = YES;
				CLANG_WARN_INT_CONVERSION = YES;
				CLANG_WARN_NON_LITERAL_NULL_CONVERSION = YES;
				CLANG_WARN_OBJC_IMPLICIT_RETAIN_SELF = YES;
				CLANG_WARN_OBJC_LITERAL_CONVERSION = YES;
				CLANG_WARN_OBJC_ROOT_CLASS = YES_ERROR;
				CLANG_WARN_QUOTED_INCLUDE_IN_FRAMEWORK_HEADER = YES;
				CLANG_WARN_RANGE_LOOP_ANALYSIS = YES;
				CLANG_WARN_STRICT_PROTOTYPES = YES;
				CLANG_WARN_SUSPICIOUS_MOVE = YES;
				CLANG_WARN_UNGUARDED_AVAILABILITY = YES_AGGRESSIVE;
				CLANG_WARN_UNREACHABLE_CODE = YES;
				CLANG_WARN__DUPLICATE_METHOD_MATCH = YES;
				COPY_PHASE_STRIP = NO;
				DEBUG_INFORMATION_FORMAT = dwarf;
				ENABLE_STRICT_OBJC_MSGSEND = YES;
				ENABLE_TESTABILITY = YES;
				GCC_C_LANGUAGE_STANDARD = gnu11;
				GCC_DYNAMIC_NO_PIC = NO;
				GCC_NO_COMMON_BLOCKS = YES;
				GCC_OPTIMIZATION_LEVEL = 0;
				GCC_PREPROCESSOR_DEFINITIONS = (
					"DEBUG=1",
					"$(inherited)",
				);
				GCC_WARN_64_TO_32_BIT_CONVERSION = YES;
				GCC_WARN_ABOUT_RETURN_TYPE = YES_ERROR;
				GCC_WARN_UNDECLARED_SELECTOR = YES;
				GCC_WARN_UNINITIALIZED_AUTOS = YES_AGGRESSIVE;
				GCC_WARN_UNUSED_FUNCTION = YES;
				GCC_WARN_UNUSED_VARIABLE = YES;
				IPHONEOS_DEPLOYMENT_TARGET = 14.3;
				MTL_ENABLE_DEBUG_INFO = INCLUDE_SOURCE;
				MTL_FAST_MATH = YES;
				ONLY_ACTIVE_ARCH = YES;
				SDKROOT = iphoneos;
				SWIFT_ACTIVE_COMPILATION_CONDITIONS = DEBUG;
				SWIFT_OPTIMIZATION_LEVEL = "-Onone";
			};
			name = Debug;
		};
		059D781B259C8241005CF386 /* Release */ = {
			isa = XCBuildConfiguration;
			buildSettings = {
				ALWAYS_SEARCH_USER_PATHS = NO;
				CLANG_ANALYZER_NONNULL = YES;
				CLANG_ANALYZER_NUMBER_OBJECT_CONVERSION = YES_AGGRESSIVE;
				CLANG_CXX_LANGUAGE_STANDARD = "gnu++14";
				CLANG_CXX_LIBRARY = "libc++";
				CLANG_ENABLE_MODULES = YES;
				CLANG_ENABLE_OBJC_ARC = YES;
				CLANG_ENABLE_OBJC_WEAK = YES;
				CLANG_WARN_BLOCK_CAPTURE_AUTORELEASING = YES;
				CLANG_WARN_BOOL_CONVERSION = YES;
				CLANG_WARN_COMMA = YES;
				CLANG_WARN_CONSTANT_CONVERSION = YES;
				CLANG_WARN_DEPRECATED_OBJC_IMPLEMENTATIONS = YES;
				CLANG_WARN_DIRECT_OBJC_ISA_USAGE = YES_ERROR;
				CLANG_WARN_DOCUMENTATION_COMMENTS = YES;
				CLANG_WARN_EMPTY_BODY = YES;
				CLANG_WARN_ENUM_CONVERSION = YES;
				CLANG_WARN_INFINITE_RECURSION = YES;
				CLANG_WARN_INT_CONVERSION = YES;
				CLANG_WARN_NON_LITERAL_NULL_CONVERSION = YES;
				CLANG_WARN_OBJC_IMPLICIT_RETAIN_SELF = YES;
				CLANG_WARN_OBJC_LITERAL_CONVERSION = YES;
				CLANG_WARN_OBJC_ROOT_CLASS = YES_ERROR;
				CLANG_WARN_QUOTED_INCLUDE_IN_FRAMEWORK_HEADER = YES;
				CLANG_WARN_RANGE_LOOP_ANALYSIS = YES;
				CLANG_WARN_STRICT_PROTOTYPES = YES;
				CLANG_WARN_SUSPICIOUS_MOVE = YES;
				CLANG_WARN_UNGUARDED_AVAILABILITY = YES_AGGRESSIVE;
				CLANG_WARN_UNREACHABLE_CODE = YES;
				CLANG_WARN__DUPLICATE_METHOD_MATCH = YES;
				COPY_PHASE_STRIP = NO;
				DEBUG_INFORMATION_FORMAT = "dwarf-with-dsym";
				ENABLE_NS_ASSERTIONS = NO;
				ENABLE_STRICT_OBJC_MSGSEND = YES;
				GCC_C_LANGUAGE_STANDARD = gnu11;
				GCC_NO_COMMON_BLOCKS = YES;
				GCC_WARN_64_TO_32_BIT_CONVERSION = YES;
				GCC_WARN_ABOUT_RETURN_TYPE = YES_ERROR;
				GCC_WARN_UNDECLARED_SELECTOR = YES;
				GCC_WARN_UNINITIALIZED_AUTOS = YES_AGGRESSIVE;
				GCC_WARN_UNUSED_FUNCTION = YES;
				GCC_WARN_UNUSED_VARIABLE = YES;
				IPHONEOS_DEPLOYMENT_TARGET = 14.3;
				MTL_ENABLE_DEBUG_INFO = NO;
				MTL_FAST_MATH = YES;
				SDKROOT = iphoneos;
				SWIFT_COMPILATION_MODE = wholemodule;
				SWIFT_OPTIMIZATION_LEVEL = "-O";
				VALIDATE_PRODUCT = YES;
			};
			name = Release;
		};
		059D781D259C8241005CF386 /* Debug */ = {
			isa = XCBuildConfiguration;
			baseConfigurationReference = A06A9E9C0B2048829DFC6420 /* Pods-enyungTalk.debug.xcconfig */;
			buildSettings = {
				ASSETCATALOG_COMPILER_APPICON_NAME = AppIcon;
				ASSETCATALOG_COMPILER_GLOBAL_ACCENT_COLOR_NAME = AccentColor;
				CODE_SIGN_STYLE = Automatic;
				INFOPLIST_FILE = enyungTalk/Info.plist;
				LD_RUNPATH_SEARCH_PATHS = (
					"$(inherited)",
					"@executable_path/Frameworks",
				);
				PRODUCT_BUNDLE_IDENTIFIER = com.enyungTalk;
				PRODUCT_NAME = "$(TARGET_NAME)";
				SWIFT_VERSION = 5.0;
				TARGETED_DEVICE_FAMILY = "1,2";
			};
			name = Debug;
		};
		059D781E259C8241005CF386 /* Release */ = {
			isa = XCBuildConfiguration;
			baseConfigurationReference = A9E07922DDF28244EC0CC84F /* Pods-enyungTalk.release.xcconfig */;
			buildSettings = {
				ASSETCATALOG_COMPILER_APPICON_NAME = AppIcon;
				ASSETCATALOG_COMPILER_GLOBAL_ACCENT_COLOR_NAME = AccentColor;
				CODE_SIGN_STYLE = Automatic;
				INFOPLIST_FILE = enyungTalk/Info.plist;
				LD_RUNPATH_SEARCH_PATHS = (
					"$(inherited)",
					"@executable_path/Frameworks",
				);
				PRODUCT_BUNDLE_IDENTIFIER = com.enyungTalk;
				PRODUCT_NAME = "$(TARGET_NAME)";
				SWIFT_VERSION = 5.0;
				TARGETED_DEVICE_FAMILY = "1,2";
			};
			name = Release;
		};
/* End XCBuildConfiguration section */

/* Begin XCConfigurationList section */
		059D7803259C823D005CF386 /* Build configuration list for PBXProject "enyungTalk" */ = {
			isa = XCConfigurationList;
			buildConfigurations = (
				059D781A259C8241005CF386 /* Debug */,
				059D781B259C8241005CF386 /* Release */,
			);
			defaultConfigurationIsVisible = 0;
			defaultConfigurationName = Release;
		};
		059D781C259C8241005CF386 /* Build configuration list for PBXNativeTarget "enyungTalk" */ = {
			isa = XCConfigurationList;
			buildConfigurations = (
				059D781D259C8241005CF386 /* Debug */,
				059D781E259C8241005CF386 /* Release */,
			);
			defaultConfigurationIsVisible = 0;
			defaultConfigurationName = Release;
		};
/* End XCConfigurationList section */
	};
	rootObject = 059D7800259C823D005CF386 /* Project object */;
}
